
Microsoft Visual Studio Solution File, Format Version 12.00
# Visual Studio 14
VisualStudioVersion = 14.0.25420.1
MinimumVisualStudioVersion = 10.0.40219.1
Project("{FAE04EC0-301F-11D3-BF4B-00C04F79EFBC}") = "CreditPaymentProject", "CreditPaymentProject\CreditPaymentProject.csproj", "{9D5A5B08-5046-4476-8878-FD3EF0392C9F}"
EndProject
Project("{FAE04EC0-301F-11D3-BF4B-00C04F79EFBC}") = "CreditCardProcessorTest", "CreditCardProcessorTest\CreditCardProcessorTest.csproj", "{985D92B0-294D-4903-962E-601DC1DFB2E4}"
EndProject
Global
	GlobalSection(SolutionConfigurationPlatforms) = preSolution
		Debug|Any CPU = Debug|Any CPU
		Release|Any CPU = Release|Any CPU
	EndGlobalSection
	GlobalSection(ProjectConfigurationPlatforms) = postSolution
		{9D5A5B08-5046-4476-8878-FD3EF0392C9F}.Debug|Any CPU.ActiveCfg = Debug|Any CPU
		{9D5A5B08-5046-4476-8878-FD3EF0392C9F}.Debug|Any CPU.Build.0 = Debug|Any CPU
		{9D5A5B08-5046-4476-8878-FD3EF0392C9F}.Release|Any CPU.ActiveCfg = Release|Any CPU
		{9D5A5B08-5046-4476-8878-FD3EF0392C9F}.Release|Any CPU.Build.0 = Release|Any CPU
		{985D92B0-294D-4903-962E-601DC1DFB2E4}.Debug|Any CPU.ActiveCfg = Debug|Any CPU
		{985D92B0-294D-4903-962E-601DC1DFB2E4}.Debug|Any CPU.Build.0 = Debug|Any CPU
		{985D92B0-294D-4903-962E-601DC1DFB2E4}.Release|Any CPU.ActiveCfg = Release|Any CPU
		{985D92B0-294D-4903-962E-601DC1DFB2E4}.Release|Any CPU.Build.0 = Release|Any CPU
	EndGlobalSection
	GlobalSection(SolutionProperties) = preSolution
		HideSolutionNode = FALSE
	EndGlobalSection
EndGlobal
